# generated by rye
# use `rye lock` or `rye sync` to update this lockfile
#
# last locked with the following flags:
#   pre: false
#   features: []
#   all-features: false
#   with-sources: false
#   generate-hashes: false
#   universal: false

-e file:.
annotated-types==0.7.0
    # via pydantic
anytree==2.12.1
    # via graspologic
autograd==1.6.2
    # via hyppo
beartype==0.18.5
    # via graspologic
black==24.8.0
certifi==2024.7.4
    # via requests
charset-normalizer==3.3.2
    # via requests
click==8.1.7
    # via black
contourpy==1.2.1
    # via matplotlib
cramjam==2.8.3
    # via fastparquet
cycler==0.12.1
    # via matplotlib
fastparquet==2024.5.0
    # via langchain-graphrag
fonttools==4.53.1
    # via matplotlib
fsspec==2024.6.1
    # via fastparquet
future==1.0.0
    # via autograd
gensim==4.3.3
    # via graspologic
graspologic==3.4.1
    # via langchain-graphrag
graspologic-native==1.2.1
    # via graspologic
hyppo==0.4.0
    # via graspologic
idna==3.7
    # via requests
iniconfig==2.0.0
    # via pytest
joblib==1.4.2
    # via graspologic
    # via pynndescent
    # via scikit-learn
jsonpatch==1.33
    # via langchain-core
jsonpointer==3.0.0
    # via jsonpatch
kiwisolver==1.4.5
    # via matplotlib
langchain-core==0.2.28
    # via langchain-graphrag
    # via langchain-text-splitters
langchain-text-splitters==0.2.2
    # via langchain-graphrag
langsmith==0.1.96
    # via langchain-core
llvmlite==0.43.0
    # via numba
    # via pynndescent
matplotlib==3.9.1
    # via graspologic
    # via seaborn
mypy-extensions==1.0.0
    # via black
networkx==3.3
    # via graspologic
    # via langchain-graphrag
numba==0.60.0
    # via hyppo
    # via pynndescent
    # via umap-learn
numpy==1.26.4
    # via autograd
    # via contourpy
    # via fastparquet
    # via gensim
    # via graspologic
    # via hyppo
    # via matplotlib
    # via numba
    # via pandas
    # via patsy
    # via pot
    # via pyarrow
    # via scikit-learn
    # via scipy
    # via seaborn
    # via statsmodels
    # via umap-learn
orjson==3.10.6
    # via langsmith
packaging==24.1
    # via black
    # via fastparquet
    # via langchain-core
    # via matplotlib
    # via pytest
    # via statsmodels
pandas==2.2.2
    # via fastparquet
    # via langchain-graphrag
    # via seaborn
    # via statsmodels
pathspec==0.12.1
    # via black
patsy==0.5.6
    # via statsmodels
pillow==10.4.0
    # via matplotlib
platformdirs==4.2.2
    # via black
pluggy==1.5.0
    # via pytest
pot==0.9.4
    # via graspologic
pyarrow==17.0.0
    # via langchain-graphrag
pydantic==2.8.2
    # via langchain-core
    # via langsmith
pydantic-core==2.20.1
    # via pydantic
pynndescent==0.5.13
    # via umap-learn
pyparsing==3.1.2
    # via matplotlib
pytest==8.3.2
python-dateutil==2.9.0.post0
    # via matplotlib
    # via pandas
pytz==2024.1
    # via pandas
pyyaml==6.0.1
    # via langchain-core
requests==2.32.3
    # via langsmith
scikit-learn==1.5.1
    # via graspologic
    # via hyppo
    # via pynndescent
    # via umap-learn
scipy==1.12.0
    # via gensim
    # via graspologic
    # via hyppo
    # via pot
    # via pynndescent
    # via scikit-learn
    # via statsmodels
    # via umap-learn
seaborn==0.13.2
    # via graspologic
six==1.16.0
    # via anytree
    # via patsy
    # via python-dateutil
smart-open==7.0.4
    # via gensim
statsmodels==0.14.2
    # via graspologic
tenacity==8.5.0
    # via langchain-core
threadpoolctl==3.5.0
    # via scikit-learn
tqdm==4.66.4
    # via umap-learn
typing-extensions==4.12.2
    # via graspologic
    # via langchain-core
    # via pydantic
    # via pydantic-core
tzdata==2024.1
    # via pandas
umap-learn==0.5.6
    # via graspologic
urllib3==2.2.2
    # via requests
wrapt==1.16.0
    # via smart-open
